
Microsoft Visual Studio Solution File, Format Version 12.00
# Visual Studio 15
VisualStudioVersion = 15.0.26720.3003
MinimumVisualStudioVersion = 10.0.40219.1
Project("{FAE04EC0-301F-11D3-BF4B-00C04F79EFBC}") = "HumanResources", "HumanResources\HumanResources.csproj", "{DD720603-B7CC-45B6-B2F4-8E39BAE98E3F}"
EndProject
Project("{8BC9CEB8-8B4A-11D0-8D11-00A0C91BC942}") = "Approvals", "Approvals\Approvals.vcxproj", "{CBCA0D30-BFE0-46E4-887B-D55C6649D57E}"
EndProject
Project("{8BC9CEB8-8B4A-11D0-8D11-00A0C91BC942}") = "Employees", "Employees\Employees.vcxproj", "{DE1F046D-021E-4BFD-A076-D468AE39C979}"
EndProject
Global
	GlobalSection(SolutionConfigurationPlatforms) = preSolution
		Debug|ARM = Debug|ARM
		Debug|x64 = Debug|x64
		Debug|x86 = Debug|x86
		Release|ARM = Release|ARM
		Release|x64 = Release|x64
		Release|x86 = Release|x86
	EndGlobalSection
	GlobalSection(ProjectConfigurationPlatforms) = postSolution
		{DD720603-B7CC-45B6-B2F4-8E39BAE98E3F}.Debug|ARM.ActiveCfg = Debug|ARM
		{DD720603-B7CC-45B6-B2F4-8E39BAE98E3F}.Debug|ARM.Build.0 = Debug|ARM
		{DD720603-B7CC-45B6-B2F4-8E39BAE98E3F}.Debug|ARM.Deploy.0 = Debug|ARM
		{DD720603-B7CC-45B6-B2F4-8E39BAE98E3F}.Debug|x64.ActiveCfg = Debug|x64
		{DD720603-B7CC-45B6-B2F4-8E39BAE98E3F}.Debug|x64.Build.0 = Debug|x64
		{DD720603-B7CC-45B6-B2F4-8E39BAE98E3F}.Debug|x64.Deploy.0 = Debug|x64
		{DD720603-B7CC-45B6-B2F4-8E39BAE98E3F}.Debug|x86.ActiveCfg = Debug|x86
		{DD720603-B7CC-45B6-B2F4-8E39BAE98E3F}.Debug|x86.Build.0 = Debug|x86
		{DD720603-B7CC-45B6-B2F4-8E39BAE98E3F}.Debug|x86.Deploy.0 = Debug|x86
		{DD720603-B7CC-45B6-B2F4-8E39BAE98E3F}.Release|ARM.ActiveCfg = Release|ARM
		{DD720603-B7CC-45B6-B2F4-8E39BAE98E3F}.Release|ARM.Build.0 = Release|ARM
		{DD720603-B7CC-45B6-B2F4-8E39BAE98E3F}.Release|ARM.Deploy.0 = Release|ARM
		{DD720603-B7CC-45B6-B2F4-8E39BAE98E3F}.Release|x64.ActiveCfg = Release|x64
		{DD720603-B7CC-45B6-B2F4-8E39BAE98E3F}.Release|x64.Build.0 = Release|x64
		{DD720603-B7CC-45B6-B2F4-8E39BAE98E3F}.Release|x64.Deploy.0 = Release|x64
		{DD720603-B7CC-45B6-B2F4-8E39BAE98E3F}.Release|x86.ActiveCfg = Release|x86
		{DD720603-B7CC-45B6-B2F4-8E39BAE98E3F}.Release|x86.Build.0 = Release|x86
		{DD720603-B7CC-45B6-B2F4-8E39BAE98E3F}.Release|x86.Deploy.0 = Release|x86
		{CBCA0D30-BFE0-46E4-887B-D55C6649D57E}.Debug|ARM.ActiveCfg = Debug|ARM
		{CBCA0D30-BFE0-46E4-887B-D55C6649D57E}.Debug|ARM.Build.0 = Debug|ARM
		{CBCA0D30-BFE0-46E4-887B-D55C6649D57E}.Debug|ARM.Deploy.0 = Debug|ARM
		{CBCA0D30-BFE0-46E4-887B-D55C6649D57E}.Debug|x64.ActiveCfg = Debug|x64
		{CBCA0D30-BFE0-46E4-887B-D55C6649D57E}.Debug|x64.Build.0 = Debug|x64
		{CBCA0D30-BFE0-46E4-887B-D55C6649D57E}.Debug|x64.Deploy.0 = Debug|x64
		{CBCA0D30-BFE0-46E4-887B-D55C6649D57E}.Debug|x86.ActiveCfg = Debug|Win32
		{CBCA0D30-BFE0-46E4-887B-D55C6649D57E}.Debug|x86.Build.0 = Debug|Win32
		{CBCA0D30-BFE0-46E4-887B-D55C6649D57E}.Debug|x86.Deploy.0 = Debug|Win32
		{CBCA0D30-BFE0-46E4-887B-D55C6649D57E}.Release|ARM.ActiveCfg = Release|ARM
		{CBCA0D30-BFE0-46E4-887B-D55C6649D57E}.Release|ARM.Build.0 = Release|ARM
		{CBCA0D30-BFE0-46E4-887B-D55C6649D57E}.Release|ARM.Deploy.0 = Release|ARM
		{CBCA0D30-BFE0-46E4-887B-D55C6649D57E}.Release|x64.ActiveCfg = Release|x64
		{CBCA0D30-BFE0-46E4-887B-D55C6649D57E}.Release|x64.Build.0 = Release|x64
		{CBCA0D30-BFE0-46E4-887B-D55C6649D57E}.Release|x64.Deploy.0 = Release|x64
		{CBCA0D30-BFE0-46E4-887B-D55C6649D57E}.Release|x86.ActiveCfg = Release|Win32
		{CBCA0D30-BFE0-46E4-887B-D55C6649D57E}.Release|x86.Build.0 = Release|Win32
		{CBCA0D30-BFE0-46E4-887B-D55C6649D57E}.Release|x86.Deploy.0 = Release|Win32
		{DE1F046D-021E-4BFD-A076-D468AE39C979}.Debug|ARM.ActiveCfg = Debug|ARM
		{DE1F046D-021E-4BFD-A076-D468AE39C979}.Debug|ARM.Build.0 = Debug|ARM
		{DE1F046D-021E-4BFD-A076-D468AE39C979}.Debug|ARM.Deploy.0 = Debug|ARM
		{DE1F046D-021E-4BFD-A076-D468AE39C979}.Debug|x64.ActiveCfg = Debug|x64
		{DE1F046D-021E-4BFD-A076-D468AE39C979}.Debug|x64.Build.0 = Debug|x64
		{DE1F046D-021E-4BFD-A076-D468AE39C979}.Debug|x64.Deploy.0 = Debug|x64
		{DE1F046D-021E-4BFD-A076-D468AE39C979}.Debug|x86.ActiveCfg = Debug|Win32
		{DE1F046D-021E-4BFD-A076-D468AE39C979}.Debug|x86.Build.0 = Debug|Win32
		{DE1F046D-021E-4BFD-A076-D468AE39C979}.Debug|x86.Deploy.0 = Debug|Win32
		{DE1F046D-021E-4BFD-A076-D468AE39C979}.Release|ARM.ActiveCfg = Release|ARM
		{DE1F046D-021E-4BFD-A076-D468AE39C979}.Release|ARM.Build.0 = Release|ARM
		{DE1F046D-021E-4BFD-A076-D468AE39C979}.Release|ARM.Deploy.0 = Release|ARM
		{DE1F046D-021E-4BFD-A076-D468AE39C979}.Release|x64.ActiveCfg = Release|x64
		{DE1F046D-021E-4BFD-A076-D468AE39C979}.Release|x64.Build.0 = Release|x64
		{DE1F046D-021E-4BFD-A076-D468AE39C979}.Release|x64.Deploy.0 = Release|x64
		{DE1F046D-021E-4BFD-A076-D468AE39C979}.Release|x86.ActiveCfg = Release|Win32
		{DE1F046D-021E-4BFD-A076-D468AE39C979}.Release|x86.Build.0 = Release|Win32
		{DE1F046D-021E-4BFD-A076-D468AE39C979}.Release|x86.Deploy.0 = Release|Win32
	EndGlobalSection
	GlobalSection(SolutionProperties) = preSolution
		HideSolutionNode = FALSE
	EndGlobalSection
	GlobalSection(ExtensibilityGlobals) = postSolution
		SolutionGuid = {46248C4E-BD69-41D8-AD90-D8DBDD2E253A}
	EndGlobalSection
EndGlobal
